Microsoft Visual Studio Solution File, Format Version 12.00
# Visual Studio 15
VisualStudioVersion = 15.0.26430.16
MinimumVisualStudioVersion = 10.0.40219.1
Project("{9A19103F-16F7-4668-BE54-9A1E7A4F7556}") = "HospitalAllocation", "HospitalAllocation.csproj", "{3B00BF00-5CE0-4AC3-92C1-AC5E487C9ACF}"
EndProject
Project("{9A19103F-16F7-4668-BE54-9A1E7A4F7556}") = "HospitalAllocation.Tests", "..\HospitalAllocation.Tests\HospitalAllocation.Tests.csproj", "{6F7FFB20-4A53-48F1-9A80-BB4CE7863E3B}"
EndProject
Global
	GlobalSection(SolutionConfigurationPlatforms) = preSolution
		Debug|Any CPU = Debug|Any CPU
		Release|Any CPU = Release|Any CPU
	EndGlobalSection
	GlobalSection(ProjectConfigurationPlatforms) = postSolution
		{3B00BF00-5CE0-4AC3-92C1-AC5E487C9ACF}.Debug|Any CPU.ActiveCfg = Debug|Any CPU
		{3B00BF00-5CE0-4AC3-92C1-AC5E487C9ACF}.Debug|Any CPU.Build.0 = Debug|Any CPU
		{3B00BF00-5CE0-4AC3-92C1-AC5E487C9ACF}.Release|Any CPU.ActiveCfg = Release|Any CPU
		{3B00BF00-5CE0-4AC3-92C1-AC5E487C9ACF}.Release|Any CPU.Build.0 = Release|Any CPU
		{6F7FFB20-4A53-48F1-9A80-BB4CE7863E3B}.Debug|Any CPU.ActiveCfg = Debug|Any CPU
		{6F7FFB20-4A53-48F1-9A80-BB4CE7863E3B}.Debug|Any CPU.Build.0 = Debug|Any CPU
		{6F7FFB20-4A53-48F1-9A80-BB4CE7863E3B}.Release|Any CPU.ActiveCfg = Release|Any CPU
	EndGlobalSection
	GlobalSection(SolutionProperties) = preSolution
		HideSolutionNode = FALSE
	EndGlobalSection
EndGlobal
